
Microsoft Visual Studio Solution File, Format Version 12.00
# Visual Studio Version 17
VisualStudioVersion = 17.1.32328.378
MinimumVisualStudioVersion = 10.0.40219.1
Project("{FAE04EC0-301F-11D3-BF4B-00C04F79EFBC}") = "ArrayExeption", "ArrayExeption.csproj", "{16FFCCA9-CAA8-48CB-82F7-8EFBA33A5AFA}"
EndProject
Global
	GlobalSection(SolutionConfigurationPlatforms) = preSolution
		Debug|Any CPU = Debug|Any CPU
		Release|Any CPU = Release|Any CPU
	EndGlobalSection
	GlobalSection(ProjectConfigurationPlatforms) = postSolution
		{16FFCCA9-CAA8-48CB-82F7-8EFBA33A5AFA}.Debug|Any CPU.ActiveCfg = Debug|Any CPU
		{16FFCCA9-CAA8-48CB-82F7-8EFBA33A5AFA}.Debug|Any CPU.Build.0 = Debug|Any CPU
		{16FFCCA9-CAA8-48CB-82F7-8EFBA33A5AFA}.Release|Any CPU.ActiveCfg = Release|Any CPU
		{16FFCCA9-CAA8-48CB-82F7-8EFBA33A5AFA}.Release|Any CPU.Build.0 = Release|Any CPU
	EndGlobalSection
	GlobalSection(SolutionProperties) = preSolution
		HideSolutionNode = FALSE
	EndGlobalSection
	GlobalSection(ExtensibilityGlobals) = postSolution
		SolutionGuid = {0683AE59-FD56-408B-9D42-91368798877C}
	EndGlobalSection
EndGlobal
