
Microsoft Visual Studio Solution File, Format Version 12.00
# Visual Studio Version 17
VisualStudioVersion = 17.1.32328.378
MinimumVisualStudioVersion = 10.0.40219.1
Project("{FAE04EC0-301F-11D3-BF4B-00C04F79EFBC}") = "ConsoleAppClassBasic", "ConsoleAppClassBasic.csproj", "{D1AFB0CF-7B23-46C0-A0E2-541E2B350FEE}"
EndProject
Global
	GlobalSection(SolutionConfigurationPlatforms) = preSolution
		Debug|Any CPU = Debug|Any CPU
		Release|Any CPU = Release|Any CPU
	EndGlobalSection
	GlobalSection(ProjectConfigurationPlatforms) = postSolution
		{D1AFB0CF-7B23-46C0-A0E2-541E2B350FEE}.Debug|Any CPU.ActiveCfg = Debug|Any CPU
		{D1AFB0CF-7B23-46C0-A0E2-541E2B350FEE}.Debug|Any CPU.Build.0 = Debug|Any CPU
		{D1AFB0CF-7B23-46C0-A0E2-541E2B350FEE}.Release|Any CPU.ActiveCfg = Release|Any CPU
		{D1AFB0CF-7B23-46C0-A0E2-541E2B350FEE}.Release|Any CPU.Build.0 = Release|Any CPU
	EndGlobalSection
	GlobalSection(SolutionProperties) = preSolution
		HideSolutionNode = FALSE
	EndGlobalSection
	GlobalSection(ExtensibilityGlobals) = postSolution
		SolutionGuid = {C3CC42A4-A9B9-4941-B933-453B242489C2}
	EndGlobalSection
EndGlobal
