
Microsoft Visual Studio Solution File, Format Version 12.00
# Visual Studio Version 17
VisualStudioVersion = 17.1.32328.378
MinimumVisualStudioVersion = 10.0.40219.1
Project("{FAE04EC0-301F-11D3-BF4B-00C04F79EFBC}") = "RandomNumbers", "RandomNumbers.csproj", "{F1991256-3DD0-420A-AEF5-93981EDAEACE}"
EndProject
Global
	GlobalSection(SolutionConfigurationPlatforms) = preSolution
		Debug|Any CPU = Debug|Any CPU
		Release|Any CPU = Release|Any CPU
	EndGlobalSection
	GlobalSection(ProjectConfigurationPlatforms) = postSolution
		{F1991256-3DD0-420A-AEF5-93981EDAEACE}.Debug|Any CPU.ActiveCfg = Debug|Any CPU
		{F1991256-3DD0-420A-AEF5-93981EDAEACE}.Debug|Any CPU.Build.0 = Debug|Any CPU
		{F1991256-3DD0-420A-AEF5-93981EDAEACE}.Release|Any CPU.ActiveCfg = Release|Any CPU
		{F1991256-3DD0-420A-AEF5-93981EDAEACE}.Release|Any CPU.Build.0 = Release|Any CPU
	EndGlobalSection
	GlobalSection(SolutionProperties) = preSolution
		HideSolutionNode = FALSE
	EndGlobalSection
	GlobalSection(ExtensibilityGlobals) = postSolution
		SolutionGuid = {F37354D6-30B7-455F-B0A1-1D99421A1F04}
	EndGlobalSection
EndGlobal
