
Microsoft Visual Studio Solution File, Format Version 12.00
# Visual Studio Version 17
VisualStudioVersion = 17.1.32421.90
MinimumVisualStudioVersion = 10.0.40219.1
Project("{FAE04EC0-301F-11D3-BF4B-00C04F79EFBC}") = "TimeExtensionTest", "TimeExtensionTest.csproj", "{84CBFF68-9A88-4E68-A8E1-0AE0D43E529E}"
EndProject
Global
	GlobalSection(SolutionConfigurationPlatforms) = preSolution
		Debug|Any CPU = Debug|Any CPU
		Release|Any CPU = Release|Any CPU
	EndGlobalSection
	GlobalSection(ProjectConfigurationPlatforms) = postSolution
		{84CBFF68-9A88-4E68-A8E1-0AE0D43E529E}.Debug|Any CPU.ActiveCfg = Debug|Any CPU
		{84CBFF68-9A88-4E68-A8E1-0AE0D43E529E}.Debug|Any CPU.Build.0 = Debug|Any CPU
		{84CBFF68-9A88-4E68-A8E1-0AE0D43E529E}.Release|Any CPU.ActiveCfg = Release|Any CPU
		{84CBFF68-9A88-4E68-A8E1-0AE0D43E529E}.Release|Any CPU.Build.0 = Release|Any CPU
	EndGlobalSection
	GlobalSection(SolutionProperties) = preSolution
		HideSolutionNode = FALSE
	EndGlobalSection
	GlobalSection(ExtensibilityGlobals) = postSolution
		SolutionGuid = {851C307C-CF71-4BF4-BE6B-3CBE03836B9B}
	EndGlobalSection
EndGlobal
