
Microsoft Visual Studio Solution File, Format Version 12.00
# Visual Studio Version 17
VisualStudioVersion = 17.1.32328.378
MinimumVisualStudioVersion = 10.0.40219.1
Project("{FAE04EC0-301F-11D3-BF4B-00C04F79EFBC}") = "DiceCrapsGame", "DiceCrapsGame.csproj", "{D2ECDFEF-7F6C-4A97-B016-55BD7E0B9BD8}"
EndProject
Global
	GlobalSection(SolutionConfigurationPlatforms) = preSolution
		Debug|Any CPU = Debug|Any CPU
		Release|Any CPU = Release|Any CPU
	EndGlobalSection
	GlobalSection(ProjectConfigurationPlatforms) = postSolution
		{D2ECDFEF-7F6C-4A97-B016-55BD7E0B9BD8}.Debug|Any CPU.ActiveCfg = Debug|Any CPU
		{D2ECDFEF-7F6C-4A97-B016-55BD7E0B9BD8}.Debug|Any CPU.Build.0 = Debug|Any CPU
		{D2ECDFEF-7F6C-4A97-B016-55BD7E0B9BD8}.Release|Any CPU.ActiveCfg = Release|Any CPU
		{D2ECDFEF-7F6C-4A97-B016-55BD7E0B9BD8}.Release|Any CPU.Build.0 = Release|Any CPU
	EndGlobalSection
	GlobalSection(SolutionProperties) = preSolution
		HideSolutionNode = FALSE
	EndGlobalSection
	GlobalSection(ExtensibilityGlobals) = postSolution
		SolutionGuid = {F5B19F61-A025-4AB8-9317-A2C5743C469C}
	EndGlobalSection
EndGlobal
