
Microsoft Visual Studio Solution File, Format Version 12.00
# Visual Studio Version 17
VisualStudioVersion = 17.1.32421.90
MinimumVisualStudioVersion = 10.0.40219.1
Project("{FAE04EC0-301F-11D3-BF4B-00C04F79EFBC}") = "ComplexTest", "ComplexTest.csproj", "{D98E3209-BFE2-4947-9DC9-28BDB1E7E6FC}"
EndProject
Global
	GlobalSection(SolutionConfigurationPlatforms) = preSolution
		Debug|Any CPU = Debug|Any CPU
		Release|Any CPU = Release|Any CPU
	EndGlobalSection
	GlobalSection(ProjectConfigurationPlatforms) = postSolution
		{D98E3209-BFE2-4947-9DC9-28BDB1E7E6FC}.Debug|Any CPU.ActiveCfg = Debug|Any CPU
		{D98E3209-BFE2-4947-9DC9-28BDB1E7E6FC}.Debug|Any CPU.Build.0 = Debug|Any CPU
		{D98E3209-BFE2-4947-9DC9-28BDB1E7E6FC}.Release|Any CPU.ActiveCfg = Release|Any CPU
		{D98E3209-BFE2-4947-9DC9-28BDB1E7E6FC}.Release|Any CPU.Build.0 = Release|Any CPU
	EndGlobalSection
	GlobalSection(SolutionProperties) = preSolution
		HideSolutionNode = FALSE
	EndGlobalSection
	GlobalSection(ExtensibilityGlobals) = postSolution
		SolutionGuid = {ADEC84F9-0EB1-43EE-9D33-D265A42A1E1F}
	EndGlobalSection
EndGlobal
